
Microsoft Visual Studio Solution File, Format Version 12.00
# Visual Studio Version 17
VisualStudioVersion = 17.7.34221.43
MinimumVisualStudioVersion = 10.0.40219.1
Project("{9A19103F-16F7-4668-BE54-9A1E7A4F7556}") = "LearnAsp", "LearnAsp\LearnAsp.csproj", "{2B2EF8DB-3E74-45F9-BA5E-7D59FFF6AB18}"
EndProject
Project("{FAE04EC0-301F-11D3-BF4B-00C04F79EFBC}") = "LearnAsp.Domain", "LearnAsp.Domain\LearnAsp.Domain.csproj", "{494DDFB2-943F-43D1-A490-23E9E607C98A}"
EndProject
Project("{FAE04EC0-301F-11D3-BF4B-00C04F79EFBC}") = "LearnAsp.Application", "LearnAsp.Application\LearnAsp.Application.csproj", "{56698264-6262-4222-BAA0-7D4577D3AFF5}"
EndProject
Global
	GlobalSection(SolutionConfigurationPlatforms) = preSolution
		Debug|Any CPU = Debug|Any CPU
		Release|Any CPU = Release|Any CPU
	EndGlobalSection
	GlobalSection(ProjectConfigurationPlatforms) = postSolution
		{2B2EF8DB-3E74-45F9-BA5E-7D59FFF6AB18}.Debug|Any CPU.ActiveCfg = Debug|Any CPU
		{2B2EF8DB-3E74-45F9-BA5E-7D59FFF6AB18}.Debug|Any CPU.Build.0 = Debug|Any CPU
		{2B2EF8DB-3E74-45F9-BA5E-7D59FFF6AB18}.Release|Any CPU.ActiveCfg = Release|Any CPU
		{2B2EF8DB-3E74-45F9-BA5E-7D59FFF6AB18}.Release|Any CPU.Build.0 = Release|Any CPU
		{494DDFB2-943F-43D1-A490-23E9E607C98A}.Debug|Any CPU.ActiveCfg = Debug|Any CPU
		{494DDFB2-943F-43D1-A490-23E9E607C98A}.Debug|Any CPU.Build.0 = Debug|Any CPU
		{494DDFB2-943F-43D1-A490-23E9E607C98A}.Release|Any CPU.ActiveCfg = Release|Any CPU
		{494DDFB2-943F-43D1-A490-23E9E607C98A}.Release|Any CPU.Build.0 = Release|Any CPU
		{56698264-6262-4222-BAA0-7D4577D3AFF5}.Debug|Any CPU.ActiveCfg = Debug|Any CPU
		{56698264-6262-4222-BAA0-7D4577D3AFF5}.Debug|Any CPU.Build.0 = Debug|Any CPU
		{56698264-6262-4222-BAA0-7D4577D3AFF5}.Release|Any CPU.ActiveCfg = Release|Any CPU
		{56698264-6262-4222-BAA0-7D4577D3AFF5}.Release|Any CPU.Build.0 = Release|Any CPU
	EndGlobalSection
	GlobalSection(SolutionProperties) = preSolution
		HideSolutionNode = FALSE
	EndGlobalSection
	GlobalSection(ExtensibilityGlobals) = postSolution
		SolutionGuid = {667C62E9-E242-4664-89A3-47FA344097C4}
	EndGlobalSection
EndGlobal
